// !$*UTF8*$!
{
	archiveVersion = 1;
	classes = {
	};
	objectVersion = 46;
	objects = {

/* Begin PBXBuildFile section */
		1929B244846CD5F71552B656 /* MessagePackParser+Streaming.m in Sources */ = {isa = PBXBuildFile; fileRef = 1929B22D89B023AE211C87BB /* MessagePackParser+Streaming.m */; };
		1929B30269EDAFAA124ADA3A /* MessagePackExtType.m in Sources */ = {isa = PBXBuildFile; fileRef = 1929B71CD0C79BE6135D774A /* MessagePackExtType.m */; };
		1929B3A37E7542DBAEE67E77 /* MessagePackParser.m in Sources */ = {isa = PBXBuildFile; fileRef = 1929B32AF4BC56082F0948C1 /* MessagePackParser.m */; };
		1929B8097070AB688669693A /* MessagePackPacker.m in Sources */ = {isa = PBXBuildFile; fileRef = 1929B895EE77865D67303B3A /* MessagePackPacker.m */; };
		1929BA3F4D23306D7BDC3D09 /* NSDictionary+MessagePack.m in Sources */ = {isa = PBXBuildFile; fileRef = 1929B52C0D8B5B13944F5028 /* NSDictionary+MessagePack.m */; };
		1929BA5712B87E39BFCCB031 /* MessagePackParser+Streaming.m in Sources */ = {isa = PBXBuildFile; fileRef = 1929B22D89B023AE211C87BB /* MessagePackParser+Streaming.m */; };
		1929BA5D65772F13CC0A2DA5 /* vim_get_buffers.example.msgpack in Resources */ = {isa = PBXBuildFile; fileRef = 1929B0FB2EB67E4E70972061 /* vim_get_buffers.example.msgpack */; };
		1929BA8AB114B9CA2BDB6904 /* MessagePackPacker.m in Sources */ = {isa = PBXBuildFile; fileRef = 1929B895EE77865D67303B3A /* MessagePackPacker.m */; };
		1929BA8C495E9911F8096BAF /* NSArray+MessagePack.m in Sources */ = {isa = PBXBuildFile; fileRef = 1929B5AB83C9F4C545111770 /* NSArray+MessagePack.m */; };
		1929BAC7519DCD0706C14321 /* NSData+MessagePack.m in Sources */ = {isa = PBXBuildFile; fileRef = 1929B3C0EF258E0D44535A65 /* NSData+MessagePack.m */; };
		1929BBD0225CAFCA026BA342 /* MessagePackExtType.m in Sources */ = {isa = PBXBuildFile; fileRef = 1929B71CD0C79BE6135D774A /* MessagePackExtType.m */; };
		1929BC408A398D678B098BD0 /* MessagePackParser.m in Sources */ = {isa = PBXBuildFile; fileRef = 1929B32AF4BC56082F0948C1 /* MessagePackParser.m */; };
		1929BD22F6F1464E5DD6A267 /* NSData+MessagePack.m in Sources */ = {isa = PBXBuildFile; fileRef = 1929B3C0EF258E0D44535A65 /* NSData+MessagePack.m */; };
		1929BD259EAAC4506055B138 /* NSArray+MessagePack.m in Sources */ = {isa = PBXBuildFile; fileRef = 1929B5AB83C9F4C545111770 /* NSArray+MessagePack.m */; };
		1929BD554049F0EAAF37B917 /* NSDictionary+MessagePack.m in Sources */ = {isa = PBXBuildFile; fileRef = 1929B52C0D8B5B13944F5028 /* NSDictionary+MessagePack.m */; };
		4B26820C1A99321D008E224E /* AppDelegate.m in Sources */ = {isa = PBXBuildFile; fileRef = 4B26820B1A99321D008E224E /* AppDelegate.m */; };
		4B26820E1A99321D008E224E /* main.m in Sources */ = {isa = PBXBuildFile; fileRef = 4B26820D1A99321D008E224E /* main.m */; };
		4B2682101A99321D008E224E /* Images.xcassets in Resources */ = {isa = PBXBuildFile; fileRef = 4B26820F1A99321D008E224E /* Images.xcassets */; };
		4B2682131A99321D008E224E /* MainMenu.xib in Resources */ = {isa = PBXBuildFile; fileRef = 4B2682111A99321D008E224E /* MainMenu.xib */; };
		4B26821F1A99321D008E224E /* NVOXTests.m in Sources */ = {isa = PBXBuildFile; fileRef = 4B26821E1A99321D008E224E /* NVOXTests.m */; };
		4B88EAC01AA0CBD100E316BC /* libmsgpack.a in Frameworks */ = {isa = PBXBuildFile; fileRef = 4B88EABF1AA0CBD100E316BC /* libmsgpack.a */; };
		4B88EAC11AA0CBD100E316BC /* libmsgpack.a in Frameworks */ = {isa = PBXBuildFile; fileRef = 4B88EABF1AA0CBD100E316BC /* libmsgpack.a */; };
		713DC1B97651FE5B4835CF30 /* libPods.a in Frameworks */ = {isa = PBXBuildFile; fileRef = ACE35C8E4A1798762BCD004B /* libPods.a */; };
/* End PBXBuildFile section */

/* Begin PBXContainerItemProxy section */
		4B2682191A99321D008E224E /* PBXContainerItemProxy */ = {
			isa = PBXContainerItemProxy;
			containerPortal = 4B2681FD1A99321D008E224E /* Project object */;
			proxyType = 1;
			remoteGlobalIDString = 4B2682041A99321D008E224E;
			remoteInfo = NVOX;
		};
/* End PBXContainerItemProxy section */

/* Begin PBXFileReference section */
		1929B0FB2EB67E4E70972061 /* vim_get_buffers.example.msgpack */ = {isa = PBXFileReference; lastKnownFileType = file.msgpack; name = vim_get_buffers.example.msgpack; path = Resources/vim_get_buffers.example.msgpack; sourceTree = "<group>"; };
		1929B22D89B023AE211C87BB /* MessagePackParser+Streaming.m */ = {isa = PBXFileReference; fileEncoding = 4; lastKnownFileType = sourcecode.c.objc; name = "MessagePackParser+Streaming.m"; path = "msgpack-objectivec/MessagePackParser+Streaming.m"; sourceTree = SOURCE_ROOT; };
		1929B2ACC734436D9CE25FB7 /* MessagePackParser+Streaming.h */ = {isa = PBXFileReference; fileEncoding = 4; lastKnownFileType = sourcecode.c.h; name = "MessagePackParser+Streaming.h"; path = "msgpack-objectivec/MessagePackParser+Streaming.h"; sourceTree = SOURCE_ROOT; };
		1929B2D8D225C860B36170C8 /* MessagePack.h */ = {isa = PBXFileReference; fileEncoding = 4; lastKnownFileType = sourcecode.c.h; name = MessagePack.h; path = "msgpack-objectivec/MessagePack.h"; sourceTree = SOURCE_ROOT; };
		1929B3137E625A638DA36119 /* MessagePackPacker.h */ = {isa = PBXFileReference; fileEncoding = 4; lastKnownFileType = sourcecode.c.h; name = MessagePackPacker.h; path = "msgpack-objectivec/MessagePackPacker.h"; sourceTree = SOURCE_ROOT; };
		1929B32AF4BC56082F0948C1 /* MessagePackParser.m */ = {isa = PBXFileReference; fileEncoding = 4; lastKnownFileType = sourcecode.c.objc; name = MessagePackParser.m; path = "msgpack-objectivec/MessagePackParser.m"; sourceTree = SOURCE_ROOT; };
		1929B3C0EF258E0D44535A65 /* NSData+MessagePack.m */ = {isa = PBXFileReference; fileEncoding = 4; lastKnownFileType = sourcecode.c.objc; name = "NSData+MessagePack.m"; path = "msgpack-objectivec/NSData+MessagePack.m"; sourceTree = SOURCE_ROOT; };
		1929B3CFEE005F8F911AF53E /* NSArray+MessagePack.h */ = {isa = PBXFileReference; fileEncoding = 4; lastKnownFileType = sourcecode.c.h; name = "NSArray+MessagePack.h"; path = "msgpack-objectivec/NSArray+MessagePack.h"; sourceTree = SOURCE_ROOT; };
		1929B52C0D8B5B13944F5028 /* NSDictionary+MessagePack.m */ = {isa = PBXFileReference; fileEncoding = 4; lastKnownFileType = sourcecode.c.objc; name = "NSDictionary+MessagePack.m"; path = "msgpack-objectivec/NSDictionary+MessagePack.m"; sourceTree = SOURCE_ROOT; };
		1929B5AB83C9F4C545111770 /* NSArray+MessagePack.m */ = {isa = PBXFileReference; fileEncoding = 4; lastKnownFileType = sourcecode.c.objc; name = "NSArray+MessagePack.m"; path = "msgpack-objectivec/NSArray+MessagePack.m"; sourceTree = SOURCE_ROOT; };
		1929B5CED0AE36F6186ECF2D /* NSDictionary+MessagePack.h */ = {isa = PBXFileReference; fileEncoding = 4; lastKnownFileType = sourcecode.c.h; name = "NSDictionary+MessagePack.h"; path = "msgpack-objectivec/NSDictionary+MessagePack.h"; sourceTree = SOURCE_ROOT; };
		1929B71CD0C79BE6135D774A /* MessagePackExtType.m */ = {isa = PBXFileReference; fileEncoding = 4; lastKnownFileType = sourcecode.c.objc; name = MessagePackExtType.m; path = "msgpack-objectivec/MessagePackExtType.m"; sourceTree = SOURCE_ROOT; };
		1929B895EE77865D67303B3A /* MessagePackPacker.m */ = {isa = PBXFileReference; fileEncoding = 4; lastKnownFileType = sourcecode.c.objc; name = MessagePackPacker.m; path = "msgpack-objectivec/MessagePackPacker.m"; sourceTree = SOURCE_ROOT; };
		1929B8D0C2FD77AF3DC852BB /* MessagePackParser.h */ = {isa = PBXFileReference; fileEncoding = 4; lastKnownFileType = sourcecode.c.h; name = MessagePackParser.h; path = "msgpack-objectivec/MessagePackParser.h"; sourceTree = SOURCE_ROOT; };
		1929BB958F93C6B9D95A9ED9 /* NSData+MessagePack.h */ = {isa = PBXFileReference; fileEncoding = 4; lastKnownFileType = sourcecode.c.h; name = "NSData+MessagePack.h"; path = "msgpack-objectivec/NSData+MessagePack.h"; sourceTree = SOURCE_ROOT; };
		1929BFD7B7A902536516E766 /* MessagePackExtType.h */ = {isa = PBXFileReference; fileEncoding = 4; lastKnownFileType = sourcecode.c.h; name = MessagePackExtType.h; path = "msgpack-objectivec/MessagePackExtType.h"; sourceTree = SOURCE_ROOT; };
		4B2682051A99321D008E224E /* NVOX.app */ = {isa = PBXFileReference; explicitFileType = wrapper.application; includeInIndex = 0; path = NVOX.app; sourceTree = BUILT_PRODUCTS_DIR; };
		4B2682091A99321D008E224E /* Info.plist */ = {isa = PBXFileReference; lastKnownFileType = text.plist.xml; path = Info.plist; sourceTree = "<group>"; };
		4B26820A1A99321D008E224E /* AppDelegate.h */ = {isa = PBXFileReference; lastKnownFileType = sourcecode.c.h; path = AppDelegate.h; sourceTree = "<group>"; };
		4B26820B1A99321D008E224E /* AppDelegate.m */ = {isa = PBXFileReference; lastKnownFileType = sourcecode.c.objc; path = AppDelegate.m; sourceTree = "<group>"; };
		4B26820D1A99321D008E224E /* main.m */ = {isa = PBXFileReference; lastKnownFileType = sourcecode.c.objc; path = main.m; sourceTree = "<group>"; };
		4B26820F1A99321D008E224E /* Images.xcassets */ = {isa = PBXFileReference; lastKnownFileType = folder.assetcatalog; path = Images.xcassets; sourceTree = "<group>"; };
		4B2682121A99321D008E224E /* Base */ = {isa = PBXFileReference; lastKnownFileType = file.xib; name = Base; path = Base.lproj/MainMenu.xib; sourceTree = "<group>"; };
		4B2682181A99321D008E224E /* NVOXTests.xctest */ = {isa = PBXFileReference; explicitFileType = wrapper.cfbundle; includeInIndex = 0; path = NVOXTests.xctest; sourceTree = BUILT_PRODUCTS_DIR; };
		4B26821D1A99321D008E224E /* Info.plist */ = {isa = PBXFileReference; lastKnownFileType = text.plist.xml; path = Info.plist; sourceTree = "<group>"; };
		4B26821E1A99321D008E224E /* NVOXTests.m */ = {isa = PBXFileReference; lastKnownFileType = sourcecode.c.objc; path = NVOXTests.m; sourceTree = "<group>"; };
		4B88EABF1AA0CBD100E316BC /* libmsgpack.a */ = {isa = PBXFileReference; lastKnownFileType = archive.ar; name = libmsgpack.a; path = "msgpack-c/libmsgpack.a"; sourceTree = "<group>"; };
		ACE35C8E4A1798762BCD004B /* libPods.a */ = {isa = PBXFileReference; explicitFileType = archive.ar; includeInIndex = 0; path = libPods.a; sourceTree = BUILT_PRODUCTS_DIR; };
		B7EF4E9CC7895B452EF93F3B /* Pods.release.xcconfig */ = {isa = PBXFileReference; includeInIndex = 1; lastKnownFileType = text.xcconfig; name = Pods.release.xcconfig; path = "Pods/Target Support Files/Pods/Pods.release.xcconfig"; sourceTree = "<group>"; };
		BC88748EA5AA61E3FD63A74E /* Pods.debug.xcconfig */ = {isa = PBXFileReference; includeInIndex = 1; lastKnownFileType = text.xcconfig; name = Pods.debug.xcconfig; path = "Pods/Target Support Files/Pods/Pods.debug.xcconfig"; sourceTree = "<group>"; };
/* End PBXFileReference section */

/* Begin PBXFrameworksBuildPhase section */
		4B2682021A99321D008E224E /* Frameworks */ = {
			isa = PBXFrameworksBuildPhase;
			buildActionMask = 2147483647;
			files = (
				4B88EAC01AA0CBD100E316BC /* libmsgpack.a in Frameworks */,
				713DC1B97651FE5B4835CF30 /* libPods.a in Frameworks */,
			);
			runOnlyForDeploymentPostprocessing = 0;
		};
		4B2682151A99321D008E224E /* Frameworks */ = {
			isa = PBXFrameworksBuildPhase;
			buildActionMask = 2147483647;
			files = (
				4B88EAC11AA0CBD100E316BC /* libmsgpack.a in Frameworks */,
			);
			runOnlyForDeploymentPostprocessing = 0;
		};
/* End PBXFrameworksBuildPhase section */

/* Begin PBXGroup section */
		1929B3B4E8EBFD33285E7769 /* Resources */ = {
			isa = PBXGroup;
			children = (
				1929B0FB2EB67E4E70972061 /* vim_get_buffers.example.msgpack */,
			);
			name = Resources;
			sourceTree = "<group>";
		};
		1929B8494CBED6F0208CBBD7 /* msgpack-objc */ = {
			isa = PBXGroup;
			children = (
				1929B22D89B023AE211C87BB /* MessagePackParser+Streaming.m */,
				1929B52C0D8B5B13944F5028 /* NSDictionary+MessagePack.m */,
				1929B3C0EF258E0D44535A65 /* NSData+MessagePack.m */,
				1929B895EE77865D67303B3A /* MessagePackPacker.m */,
				1929B3137E625A638DA36119 /* MessagePackPacker.h */,
				1929B32AF4BC56082F0948C1 /* MessagePackParser.m */,
				1929B5CED0AE36F6186ECF2D /* NSDictionary+MessagePack.h */,
				1929B3CFEE005F8F911AF53E /* NSArray+MessagePack.h */,
				1929B8D0C2FD77AF3DC852BB /* MessagePackParser.h */,
				1929BB958F93C6B9D95A9ED9 /* NSData+MessagePack.h */,
				1929B5AB83C9F4C545111770 /* NSArray+MessagePack.m */,
				1929B2ACC734436D9CE25FB7 /* MessagePackParser+Streaming.h */,
				1929B2D8D225C860B36170C8 /* MessagePack.h */,
				1929B71CD0C79BE6135D774A /* MessagePackExtType.m */,
				1929BFD7B7A902536516E766 /* MessagePackExtType.h */,
			);
			path = "msgpack-objc";
			sourceTree = "<group>";
		};
		4B2681FC1A99321D008E224E = {
			isa = PBXGroup;
			children = (
				4B2682071A99321D008E224E /* NVOX */,
				4B26821B1A99321D008E224E /* NVOXTests */,
				4B2682061A99321D008E224E /* Products */,
				54F395BC03260A6784DCE740 /* Pods */,
				5F92E048DE6EAE46AE1454C0 /* Frameworks */,
			);
			sourceTree = "<group>";
		};
		4B2682061A99321D008E224E /* Products */ = {
			isa = PBXGroup;
			children = (
				4B2682051A99321D008E224E /* NVOX.app */,
				4B2682181A99321D008E224E /* NVOXTests.xctest */,
			);
			name = Products;
			sourceTree = "<group>";
		};
		4B2682071A99321D008E224E /* NVOX */ = {
			isa = PBXGroup;
			children = (
				4B26820A1A99321D008E224E /* AppDelegate.h */,
				4B26820B1A99321D008E224E /* AppDelegate.m */,
				4B26820F1A99321D008E224E /* Images.xcassets */,
				4B2682111A99321D008E224E /* MainMenu.xib */,
				4B2682081A99321D008E224E /* Supporting Files */,
				1929B8494CBED6F0208CBBD7 /* msgpack-objc */,
			);
			path = NVOX;
			sourceTree = "<group>";
		};
		4B2682081A99321D008E224E /* Supporting Files */ = {
			isa = PBXGroup;
			children = (
				4B2682091A99321D008E224E /* Info.plist */,
				4B26820D1A99321D008E224E /* main.m */,
			);
			name = "Supporting Files";
			sourceTree = "<group>";
		};
		4B26821B1A99321D008E224E /* NVOXTests */ = {
			isa = PBXGroup;
			children = (
				4B26821E1A99321D008E224E /* NVOXTests.m */,
				4B26821C1A99321D008E224E /* Supporting Files */,
				1929B3B4E8EBFD33285E7769 /* Resources */,
			);
			path = NVOXTests;
			sourceTree = "<group>";
		};
		4B26821C1A99321D008E224E /* Supporting Files */ = {
			isa = PBXGroup;
			children = (
				4B26821D1A99321D008E224E /* Info.plist */,
			);
			name = "Supporting Files";
			sourceTree = "<group>";
		};
		54F395BC03260A6784DCE740 /* Pods */ = {
			isa = PBXGroup;
			children = (
				BC88748EA5AA61E3FD63A74E /* Pods.debug.xcconfig */,
				B7EF4E9CC7895B452EF93F3B /* Pods.release.xcconfig */,
			);
			name = Pods;
			sourceTree = "<group>";
		};
		5F92E048DE6EAE46AE1454C0 /* Frameworks */ = {
			isa = PBXGroup;
			children = (
				4B88EABF1AA0CBD100E316BC /* libmsgpack.a */,
				ACE35C8E4A1798762BCD004B /* libPods.a */,
			);
			name = Frameworks;
			sourceTree = "<group>";
		};
/* End PBXGroup section */

/* Begin PBXNativeTarget section */
		4B2682041A99321D008E224E /* NVOX */ = {
			isa = PBXNativeTarget;
			buildConfigurationList = 4B2682221A99321D008E224E /* Build configuration list for PBXNativeTarget "NVOX" */;
			buildPhases = (
				C8D756F9960F0A0D5621FE33 /* Check Pods Manifest.lock */,
				4B2682011A99321D008E224E /* Sources */,
				4B2682021A99321D008E224E /* Frameworks */,
				4B2682031A99321D008E224E /* Resources */,
				10AE0BFD10B890961A047D4F /* Copy Pods Resources */,
			);
			buildRules = (
			);
			dependencies = (
			);
			name = NVOX;
			productName = NVOX;
			productReference = 4B2682051A99321D008E224E /* NVOX.app */;
			productType = "com.apple.product-type.application";
		};
		4B2682171A99321D008E224E /* NVOXTests */ = {
			isa = PBXNativeTarget;
			buildConfigurationList = 4B2682251A99321D008E224E /* Build configuration list for PBXNativeTarget "NVOXTests" */;
			buildPhases = (
				4B2682141A99321D008E224E /* Sources */,
				4B2682151A99321D008E224E /* Frameworks */,
				4B2682161A99321D008E224E /* Resources */,
			);
			buildRules = (
			);
			dependencies = (
				4B26821A1A99321D008E224E /* PBXTargetDependency */,
			);
			name = NVOXTests;
			productName = NVOXTests;
			productReference = 4B2682181A99321D008E224E /* NVOXTests.xctest */;
			productType = "com.apple.product-type.bundle.unit-test";
		};
/* End PBXNativeTarget section */

/* Begin PBXProject section */
		4B2681FD1A99321D008E224E /* Project object */ = {
			isa = PBXProject;
			attributes = {
				LastUpgradeCheck = 0610;
				ORGANIZATIONNAME = "Tae Won Ha";
				TargetAttributes = {
					4B2682041A99321D008E224E = {
						CreatedOnToolsVersion = 6.1.1;
					};
					4B2682171A99321D008E224E = {
						CreatedOnToolsVersion = 6.1.1;
						TestTargetID = 4B2682041A99321D008E224E;
					};
				};
			};
			buildConfigurationList = 4B2682001A99321D008E224E /* Build configuration list for PBXProject "NVOX" */;
			compatibilityVersion = "Xcode 3.2";
			developmentRegion = English;
			hasScannedForEncodings = 0;
			knownRegions = (
				en,
				Base,
			);
			mainGroup = 4B2681FC1A99321D008E224E;
			productRefGroup = 4B2682061A99321D008E224E /* Products */;
			projectDirPath = "";
			projectRoot = "";
			targets = (
				4B2682041A99321D008E224E /* NVOX */,
				4B2682171A99321D008E224E /* NVOXTests */,
			);
		};
/* End PBXProject section */

/* Begin PBXResourcesBuildPhase section */
		4B2682031A99321D008E224E /* Resources */ = {
			isa = PBXResourcesBuildPhase;
			buildActionMask = 2147483647;
			files = (
				4B2682101A99321D008E224E /* Images.xcassets in Resources */,
				4B2682131A99321D008E224E /* MainMenu.xib in Resources */,
			);
			runOnlyForDeploymentPostprocessing = 0;
		};
		4B2682161A99321D008E224E /* Resources */ = {
			isa = PBXResourcesBuildPhase;
			buildActionMask = 2147483647;
			files = (
				1929BA5D65772F13CC0A2DA5 /* vim_get_buffers.example.msgpack in Resources */,
			);
			runOnlyForDeploymentPostprocessing = 0;
		};
/* End PBXResourcesBuildPhase section */

/* Begin PBXShellScriptBuildPhase section */
		10AE0BFD10B890961A047D4F /* Copy Pods Resources */ = {
			isa = PBXShellScriptBuildPhase;
			buildActionMask = 2147483647;
			files = (
			);
			inputPaths = (
			);
			name = "Copy Pods Resources";
			outputPaths = (
			);
			runOnlyForDeploymentPostprocessing = 0;
			shellPath = /bin/sh;
			shellScript = "\"${SRCROOT}/Pods/Target Support Files/Pods/Pods-resources.sh\"\n";
			showEnvVarsInLog = 0;
		};
		C8D756F9960F0A0D5621FE33 /* Check Pods Manifest.lock */ = {
			isa = PBXShellScriptBuildPhase;
			buildActionMask = 2147483647;
			files = (
			);
			inputPaths = (
			);
			name = "Check Pods Manifest.lock";
			outputPaths = (
			);
			runOnlyForDeploymentPostprocessing = 0;
			shellPath = /bin/sh;
			shellScript = "diff \"${PODS_ROOT}/../Podfile.lock\" \"${PODS_ROOT}/Manifest.lock\" > /dev/null\nif [[ $? != 0 ]] ; then\n    cat << EOM\nerror: The sandbox is not in sync with the Podfile.lock. Run 'pod install' or update your CocoaPods installation.\nEOM\n    exit 1\nfi\n";
			showEnvVarsInLog = 0;
		};
/* End PBXShellScriptBuildPhase section */

/* Begin PBXSourcesBuildPhase section */
		4B2682011A99321D008E224E /* Sources */ = {
			isa = PBXSourcesBuildPhase;
			buildActionMask = 2147483647;
			files = (
				4B26820E1A99321D008E224E /* main.m in Sources */,
				4B26820C1A99321D008E224E /* AppDelegate.m in Sources */,
				1929B244846CD5F71552B656 /* MessagePackParser+Streaming.m in Sources */,
				1929BA3F4D23306D7BDC3D09 /* NSDictionary+MessagePack.m in Sources */,
				1929BAC7519DCD0706C14321 /* NSData+MessagePack.m in Sources */,
				1929BA8AB114B9CA2BDB6904 /* MessagePackPacker.m in Sources */,
				1929BC408A398D678B098BD0 /* MessagePackParser.m in Sources */,
				1929BD259EAAC4506055B138 /* NSArray+MessagePack.m in Sources */,
				1929B30269EDAFAA124ADA3A /* MessagePackExtType.m in Sources */,
			);
			runOnlyForDeploymentPostprocessing = 0;
		};
		4B2682141A99321D008E224E /* Sources */ = {
			isa = PBXSourcesBuildPhase;
			buildActionMask = 2147483647;
			files = (
				4B26821F1A99321D008E224E /* NVOXTests.m in Sources */,
				1929BA5712B87E39BFCCB031 /* MessagePackParser+Streaming.m in Sources */,
				1929BD554049F0EAAF37B917 /* NSDictionary+MessagePack.m in Sources */,
				1929BD22F6F1464E5DD6A267 /* NSData+MessagePack.m in Sources */,
				1929B8097070AB688669693A /* MessagePackPacker.m in Sources */,
				1929B3A37E7542DBAEE67E77 /* MessagePackParser.m in Sources */,
				1929BA8C495E9911F8096BAF /* NSArray+MessagePack.m in Sources */,
				1929BBD0225CAFCA026BA342 /* MessagePackExtType.m in Sources */,
			);
			runOnlyForDeploymentPostprocessing = 0;
		};
/* End PBXSourcesBuildPhase section */

/* Begin PBXTargetDependency section */
		4B26821A1A99321D008E224E /* PBXTargetDependency */ = {
			isa = PBXTargetDependency;
			target = 4B2682041A99321D008E224E /* NVOX */;
			targetProxy = 4B2682191A99321D008E224E /* PBXContainerItemProxy */;
		};
/* End PBXTargetDependency section */

/* Begin PBXVariantGroup section */
		4B2682111A99321D008E224E /* MainMenu.xib */ = {
			isa = PBXVariantGroup;
			children = (
				4B2682121A99321D008E224E /* Base */,
			);
			name = MainMenu.xib;
			sourceTree = "<group>";
		};
/* End PBXVariantGroup section */

/* Begin XCBuildConfiguration section */
		4B2682201A99321D008E224E /* Debug */ = {
			isa = XCBuildConfiguration;
			buildSettings = {
				ALWAYS_SEARCH_USER_PATHS = NO;
				CLANG_CXX_LANGUAGE_STANDARD = "gnu++0x";
				CLANG_CXX_LIBRARY = "libc++";
				CLANG_ENABLE_MODULES = YES;
				CLANG_ENABLE_OBJC_ARC = YES;
				CLANG_WARN_BOOL_CONVERSION = YES;
				CLANG_WARN_CONSTANT_CONVERSION = YES;
				CLANG_WARN_DIRECT_OBJC_ISA_USAGE = YES_ERROR;
				CLANG_WARN_EMPTY_BODY = YES;
				CLANG_WARN_ENUM_CONVERSION = YES;
				CLANG_WARN_INT_CONVERSION = YES;
				CLANG_WARN_OBJC_ROOT_CLASS = YES_ERROR;
				CLANG_WARN_UNREACHABLE_CODE = YES;
				CLANG_WARN__DUPLICATE_METHOD_MATCH = YES;
				CODE_SIGN_IDENTITY = "-";
				COPY_PHASE_STRIP = NO;
				ENABLE_STRICT_OBJC_MSGSEND = YES;
				GCC_C_LANGUAGE_STANDARD = gnu99;
				GCC_DYNAMIC_NO_PIC = NO;
				GCC_OPTIMIZATION_LEVEL = 0;
				GCC_PREPROCESSOR_DEFINITIONS = (
					"DEBUG=1",
					"$(inherited)",
				);
				GCC_SYMBOLS_PRIVATE_EXTERN = NO;
				GCC_WARN_64_TO_32_BIT_CONVERSION = YES;
				GCC_WARN_ABOUT_RETURN_TYPE = YES_ERROR;
				GCC_WARN_UNDECLARED_SELECTOR = YES;
				GCC_WARN_UNINITIALIZED_AUTOS = YES_AGGRESSIVE;
				GCC_WARN_UNUSED_FUNCTION = YES;
				GCC_WARN_UNUSED_VARIABLE = YES;
				HEADER_SEARCH_PATHS = (
					"$(inherited)",
					/Applications/Xcode.app/Contents/Developer/Toolchains/XcodeDefault.xctoolchain/usr/include,
				);
				MACOSX_DEPLOYMENT_TARGET = 10.10;
				MTL_ENABLE_DEBUG_INFO = YES;
				ONLY_ACTIVE_ARCH = YES;
				SDKROOT = macosx;
			};
			name = Debug;
		};
		4B2682211A99321D008E224E /* Release */ = {
			isa = XCBuildConfiguration;
			buildSettings = {
				ALWAYS_SEARCH_USER_PATHS = NO;
				CLANG_CXX_LANGUAGE_STANDARD = "gnu++0x";
				CLANG_CXX_LIBRARY = "libc++";
				CLANG_ENABLE_MODULES = YES;
				CLANG_ENABLE_OBJC_ARC = YES;
				CLANG_WARN_BOOL_CONVERSION = YES;
				CLANG_WARN_CONSTANT_CONVERSION = YES;
				CLANG_WARN_DIRECT_OBJC_ISA_USAGE = YES_ERROR;
				CLANG_WARN_EMPTY_BODY = YES;
				CLANG_WARN_ENUM_CONVERSION = YES;
				CLANG_WARN_INT_CONVERSION = YES;
				CLANG_WARN_OBJC_ROOT_CLASS = YES_ERROR;
				CLANG_WARN_UNREACHABLE_CODE = YES;
				CLANG_WARN__DUPLICATE_METHOD_MATCH = YES;
				CODE_SIGN_IDENTITY = "-";
				COPY_PHASE_STRIP = YES;
				DEBUG_INFORMATION_FORMAT = "dwarf-with-dsym";
				ENABLE_NS_ASSERTIONS = NO;
				ENABLE_STRICT_OBJC_MSGSEND = YES;
				GCC_C_LANGUAGE_STANDARD = gnu99;
				GCC_WARN_64_TO_32_BIT_CONVERSION = YES;
				GCC_WARN_ABOUT_RETURN_TYPE = YES_ERROR;
				GCC_WARN_UNDECLARED_SELECTOR = YES;
				GCC_WARN_UNINITIALIZED_AUTOS = YES_AGGRESSIVE;
				GCC_WARN_UNUSED_FUNCTION = YES;
				GCC_WARN_UNUSED_VARIABLE = YES;
				HEADER_SEARCH_PATHS = (
					"$(inherited)",
					/Applications/Xcode.app/Contents/Developer/Toolchains/XcodeDefault.xctoolchain/usr/include,
				);
				MACOSX_DEPLOYMENT_TARGET = 10.10;
				MTL_ENABLE_DEBUG_INFO = NO;
				SDKROOT = macosx;
			};
			name = Release;
		};
		4B2682231A99321D008E224E /* Debug */ = {
			isa = XCBuildConfiguration;
			baseConfigurationReference = BC88748EA5AA61E3FD63A74E /* Pods.debug.xcconfig */;
			buildSettings = {
				ASSETCATALOG_COMPILER_APPICON_NAME = AppIcon;
				COMBINE_HIDPI_IMAGES = YES;
				HEADER_SEARCH_PATHS = (
					"\"${PODS_ROOT}/Headers/Public\"",
					"\"${PODS_ROOT}/Headers/Public/MPMessagePack\"",
					"\"${PODS_ROOT}/Headers/Public/PureLayout\"",
					"$(SRCROOT)/msgpack-c/include",
				);
				INFOPLIST_FILE = NVOX/Info.plist;
				LD_RUNPATH_SEARCH_PATHS = "$(inherited) @executable_path/../Frameworks";
				LIBRARY_SEARCH_PATHS = (
					"$(inherited)",
					"$(PROJECT_DIR)/msgpack-c",
				);
				PRODUCT_NAME = "$(TARGET_NAME)";
			};
			name = Debug;
		};
		4B2682241A99321D008E224E /* Release */ = {
			isa = XCBuildConfiguration;
			baseConfigurationReference = B7EF4E9CC7895B452EF93F3B /* Pods.release.xcconfig */;
			buildSettings = {
				ASSETCATALOG_COMPILER_APPICON_NAME = AppIcon;
				COMBINE_HIDPI_IMAGES = YES;
				HEADER_SEARCH_PATHS = (
					"\"${PODS_ROOT}/Headers/Public\"",
					"\"${PODS_ROOT}/Headers/Public/MPMessagePack\"",
					"\"${PODS_ROOT}/Headers/Public/PureLayout\"",
					"$(SRCROOT)/msgpack-c/include",
				);
				INFOPLIST_FILE = NVOX/Info.plist;
				LD_RUNPATH_SEARCH_PATHS = "$(inherited) @executable_path/../Frameworks";
				LIBRARY_SEARCH_PATHS = (
					"$(inherited)",
					"$(PROJECT_DIR)/msgpack-c",
				);
				PRODUCT_NAME = "$(TARGET_NAME)";
			};
			name = Release;
		};
		4B2682261A99321D008E224E /* Debug */ = {
			isa = XCBuildConfiguration;
			buildSettings = {
				BUNDLE_LOADER = "$(TEST_HOST)";
				COMBINE_HIDPI_IMAGES = YES;
				FRAMEWORK_SEARCH_PATHS = (
					"$(DEVELOPER_FRAMEWORKS_DIR)",
					"$(inherited)",
				);
				GCC_PREPROCESSOR_DEFINITIONS = (
					"DEBUG=1",
					"$(inherited)",
				);
				HEADER_SEARCH_PATHS = (
					"$(inherited)",
					/Applications/Xcode.app/Contents/Developer/Toolchains/XcodeDefault.xctoolchain/usr/include,
					"$(SRCROOT)/msgpack-c/include",
				);
				INFOPLIST_FILE = NVOXTests/Info.plist;
				LD_RUNPATH_SEARCH_PATHS = "$(inherited) @executable_path/../Frameworks @loader_path/../Frameworks";
				LIBRARY_SEARCH_PATHS = (
					"$(inherited)",
					"$(PROJECT_DIR)/msgpack-c",
				);
				PRODUCT_NAME = "$(TARGET_NAME)";
			};
			name = Debug;
		};
		4B2682271A99321D008E224E /* Release */ = {
			isa = XCBuildConfiguration;
			buildSettings = {
				BUNDLE_LOADER = "$(TEST_HOST)";
				COMBINE_HIDPI_IMAGES = YES;
				FRAMEWORK_SEARCH_PATHS = (
					"$(DEVELOPER_FRAMEWORKS_DIR)",
					"$(inherited)",
				);
				HEADER_SEARCH_PATHS = (
					"$(inherited)",
					/Applications/Xcode.app/Contents/Developer/Toolchains/XcodeDefault.xctoolchain/usr/include,
					"$(SRCROOT)/msgpack-c/include",
				);
				INFOPLIST_FILE = NVOXTests/Info.plist;
				LD_RUNPATH_SEARCH_PATHS = "$(inherited) @executable_path/../Frameworks @loader_path/../Frameworks";
				LIBRARY_SEARCH_PATHS = (
					"$(inherited)",
					"$(PROJECT_DIR)/msgpack-c",
				);
				PRODUCT_NAME = "$(TARGET_NAME)";
			};
			name = Release;
		};
/* End XCBuildConfiguration section */

/* Begin XCConfigurationList section */
		4B2682001A99321D008E224E /* Build configuration list for PBXProject "NVOX" */ = {
			isa = XCConfigurationList;
			buildConfigurations = (
				4B2682201A99321D008E224E /* Debug */,
				4B2682211A99321D008E224E /* Release */,
			);
			defaultConfigurationIsVisible = 0;
			defaultConfigurationName = Release;
		};
		4B2682221A99321D008E224E /* Build configuration list for PBXNativeTarget "NVOX" */ = {
			isa = XCConfigurationList;
			buildConfigurations = (
				4B2682231A99321D008E224E /* Debug */,
				4B2682241A99321D008E224E /* Release */,
			);
			defaultConfigurationIsVisible = 0;
			defaultConfigurationName = Release;
		};
		4B2682251A99321D008E224E /* Build configuration list for PBXNativeTarget "NVOXTests" */ = {
			isa = XCConfigurationList;
			buildConfigurations = (
				4B2682261A99321D008E224E /* Debug */,
				4B2682271A99321D008E224E /* Release */,
			);
			defaultConfigurationIsVisible = 0;
			defaultConfigurationName = Release;
		};
/* End XCConfigurationList section */
	};
	rootObject = 4B2681FD1A99321D008E224E /* Project object */;
}
